
Microsoft Visual Studio Solution File, Format Version 12.00
# Visual Studio 15
VisualStudioVersion = 15.0.26124.0
MinimumVisualStudioVersion = 15.0.26124.0
Project("{2150E333-8FDC-42A3-9474-1A3956D46DE8}") = "src", "src", "{357E6F2D-720A-4EF9-80E7-B8DB9491B502}"
EndProject
Project("{FAE04EC0-301F-11D3-BF4B-00C04F79EFBC}") = "ConsumptionValidator", "src\ConsumptionValidator\ConsumptionValidator.csproj", "{C26B54D6-52E9-479E-BE77-32DF1A7B7E8A}"
EndProject
Project("{FAE04EC0-301F-11D3-BF4B-00C04F79EFBC}") = "LossFactorService", "src\LossFactorService\LossFactorService.csproj", "{8A1401F7-F133-4F92-B526-ABA715C1830E}"
EndProject
Project("{FAE04EC0-301F-11D3-BF4B-00C04F79EFBC}") = "LoggingService", "src\LoggingService\LoggingService.csproj", "{CCD3E93D-8C8F-428D-A398-A35E0147EE33}"
EndProject
Project("{FAE04EC0-301F-11D3-BF4B-00C04F79EFBC}") = "LoggingService.Models", "src\LoggingService.Models\LoggingService.Models.csproj", "{1730F919-0F7F-415F-9017-AAD2FE0540A3}"
EndProject
Project("{FAE04EC0-301F-11D3-BF4B-00C04F79EFBC}") = "LossFactorService.Models", "src\LossFactorService.Models\LossFactorService.Models.csproj", "{96E13DB9-23C6-494E-8E54-04174360575B}"
EndProject
Project("{FAE04EC0-301F-11D3-BF4B-00C04F79EFBC}") = "DuosChargeService.Models", "src\DuosChargeService.Models\DuosChargeService.Models.csproj", "{10B0B4C6-20EF-47D7-B9CD-7B37097E522B}"
EndProject
Project("{FAE04EC0-301F-11D3-BF4B-00C04F79EFBC}") = "DuosChargeService", "src\DuosChargeService\DuosChargeService.csproj", "{F352E25A-0DD5-46CF-80B9-A86A5BCC5678}"
EndProject
Project("{FAE04EC0-301F-11D3-BF4B-00C04F79EFBC}") = "StaticDataService.Models", "src\StaticDataService.Models\StaticDataService.Models.csproj", "{74BCCE43-A828-4247-9EB5-EA48FDA8FF7E}"
EndProject
Project("{FAE04EC0-301F-11D3-BF4B-00C04F79EFBC}") = "StaticDataService", "src\StaticDataService\StaticDataService.csproj", "{B9502A52-570A-4962-BABF-8BCCB72A2B27}"
EndProject
Project("{FAE04EC0-301F-11D3-BF4B-00C04F79EFBC}") = "MpanSetupService.Models", "src\MpanSetupService.Models\MpanSetupService.Models.csproj", "{33AD5535-90D7-43FA-8541-A8A92D048BB8}"
EndProject
Project("{FAE04EC0-301F-11D3-BF4B-00C04F79EFBC}") = "MpanSetupService", "src\MpanSetupService\MpanSetupService.csproj", "{6E588424-350A-497C-882A-70861AF9ACCE}"
EndProject
Project("{FAE04EC0-301F-11D3-BF4B-00C04F79EFBC}") = "CalculatorService.Models", "src\CalculatorService.Models\CalculatorService.Models.csproj", "{F6C58825-5AC6-475F-9F4F-B1D0AB4DE375}"
EndProject
Project("{FAE04EC0-301F-11D3-BF4B-00C04F79EFBC}") = "ProfileDataService.Models", "src\ProfileDataService.Models\ProfileDataService.Models.csproj", "{3E384EB5-51F2-4E33-AA71-FEE1174E48C6}"
EndProject
Project("{FAE04EC0-301F-11D3-BF4B-00C04F79EFBC}") = "CalculatorService", "src\CalculatorService\CalculatorService.csproj", "{19F5EBB0-C279-45F4-BA51-623F72BC6FB8}"
EndProject
Project("{FAE04EC0-301F-11D3-BF4B-00C04F79EFBC}") = "ProfileDataService", "src\ProfileDataService\ProfileDataService.csproj", "{DEA95679-2100-4789-AED5-3B01A08212B0}"
EndProject
Project("{FAE04EC0-301F-11D3-BF4B-00C04F79EFBC}") = "IndustryDataService", "src\IndustryDataService\IndustryDataService.csproj", "{8C5E1FB6-5B3F-47DC-ADE7-18BFDC636598}"
EndProject
Project("{FAE04EC0-301F-11D3-BF4B-00C04F79EFBC}") = "IndustryDataService.Models", "src\IndustryDataService.Models\IndustryDataService.Models.csproj", "{DB9F3588-1DDD-46A3-A5D8-D7BD95F6F093}"
EndProject
Project("{FAE04EC0-301F-11D3-BF4B-00C04F79EFBC}") = "SupplyPointService.Models", "src\SupplyPointService.Models\SupplyPointService.Models.csproj", "{9B0327E1-5D77-4187-AEA8-A279BDFEFFC9}"
EndProject
Project("{FAE04EC0-301F-11D3-BF4B-00C04F79EFBC}") = "SupplyPointService", "src\SupplyPointService\SupplyPointService.csproj", "{3EF49CDB-E178-43CF-AE8F-D9CFB0D0048A}"
EndProject
Project("{FAE04EC0-301F-11D3-BF4B-00C04F79EFBC}") = "CustomerService.Models", "src\CustomerService.Models\CustomerService.Models.csproj", "{5FA5BC08-D1D7-4BCA-941C-99DDEBCFD4A8}"
EndProject
Project("{FAE04EC0-301F-11D3-BF4B-00C04F79EFBC}") = "CustomerService", "src\CustomerService\CustomerService.csproj", "{7D34F1FA-EF7F-4032-A3FF-FAF7D177C8EA}"
EndProject
Project("{FAE04EC0-301F-11D3-BF4B-00C04F79EFBC}") = "ProfileRowsService.Models", "src\ProfileRowsService.Models\ProfileRowsService.Models.csproj", "{F0FE49B1-85CA-4D6C-9FD8-27AF5216C8D7}"
EndProject
Project("{FAE04EC0-301F-11D3-BF4B-00C04F79EFBC}") = "ProfileRowsService", "src\ProfileRowsService\ProfileRowsService.csproj", "{A95249C9-22DB-436E-A7DE-7FBEC505492A}"
EndProject
Project("{FAE04EC0-301F-11D3-BF4B-00C04F79EFBC}") = "ProfileRowsImporter", "src\ProfileRowsImporter\ProfileRowsImporter.csproj", "{2E22071B-D3D2-4616-924D-129A2CDA958B}"
EndProject
Project("{FAE04EC0-301F-11D3-BF4B-00C04F79EFBC}") = "DemoDataImporter", "src\DemoDataImporter\DemoDataImporter.csproj", "{C28C20DB-954D-4B36-954D-60B1FB80216F}"
EndProject
Project("{FAE04EC0-301F-11D3-BF4B-00C04F79EFBC}") = "UtilitiesService", "src\UtilitiesService\UtilitiesService.csproj", "{5A061763-8ADE-4EA3-872A-CA152E0A588E}"
EndProject
Project("{FAE04EC0-301F-11D3-BF4B-00C04F79EFBC}") = "DistTransLossService", "src\DistTransLossService\DistTransLossService.csproj", "{D453D0F5-811D-4C42-A0C2-E9E9CCDF4152}"
EndProject
Project("{FAE04EC0-301F-11D3-BF4B-00C04F79EFBC}") = "DistTransLossService.Models", "src\DistTransLossService.Models\DistTransLossService.Models.csproj", "{DFCF915D-8828-4B05-B286-376E1F253A28}"
EndProject
Project("{FAE04EC0-301F-11D3-BF4B-00C04F79EFBC}") = "DuosLossService.Models", "src\DuosLossService.Models\DuosLossService.Models.csproj", "{D8D86B3E-7A43-46D2-AF3E-4F7B84FBB583}"
EndProject
Project("{FAE04EC0-301F-11D3-BF4B-00C04F79EFBC}") = "DuosLossService", "src\DuosLossService\DuosLossService.csproj", "{0108088E-F2DA-4D3D-B458-8B6F3F7346AE}"
EndProject
Project("{FAE04EC0-301F-11D3-BF4B-00C04F79EFBC}") = "TuosLossService.Models", "src\TuosLossService.Models\TuosLossService.Models.csproj", "{77D3B8E4-EC56-4E7C-87A0-A4E77D4157BA}"
EndProject
Project("{FAE04EC0-301F-11D3-BF4B-00C04F79EFBC}") = "TuosLossService.Tests", "src\TuosLossService.Tests\TuosLossService.Tests.csproj", "{B0C560C5-41D2-44B1-80EE-F9D110118FB7}"
EndProject
Project("{FAE04EC0-301F-11D3-BF4B-00C04F79EFBC}") = "TuosLossService", "src\TuosLossService\TuosLossService.csproj", "{FF33DA65-6354-4295-98DD-1F321B8BBA19}"
EndProject
Project("{FAE04EC0-301F-11D3-BF4B-00C04F79EFBC}") = "TotalsService", "src\TotalsService\TotalsService.csproj", "{F15C2D9C-79BE-496A-AA1F-A912A54AAA77}"
EndProject
Project("{FAE04EC0-301F-11D3-BF4B-00C04F79EFBC}") = "TotalsService.Models", "src\TotalsService.Models\TotalsService.Models.csproj", "{C39FFF99-6ED8-490A-BC58-2CF17B21293C}"
EndProject
Project("{FAE04EC0-301F-11D3-BF4B-00C04F79EFBC}") = "TotalsService.Tests", "src\TotalsService.Tests\TotalsService.Tests.csproj", "{F7470127-D663-4237-8ACC-CC4B51A9AF6B}"
EndProject
Global
	GlobalSection(SolutionConfigurationPlatforms) = preSolution
		Debug|Any CPU = Debug|Any CPU
		Debug|x64 = Debug|x64
		Debug|x86 = Debug|x86
		Release|Any CPU = Release|Any CPU
		Release|x64 = Release|x64
		Release|x86 = Release|x86
	EndGlobalSection
	GlobalSection(SolutionProperties) = preSolution
		HideSolutionNode = FALSE
	EndGlobalSection
	GlobalSection(ProjectConfigurationPlatforms) = postSolution
		{C26B54D6-52E9-479E-BE77-32DF1A7B7E8A}.Debug|Any CPU.ActiveCfg = Debug|Any CPU
		{C26B54D6-52E9-479E-BE77-32DF1A7B7E8A}.Debug|Any CPU.Build.0 = Debug|Any CPU
		{C26B54D6-52E9-479E-BE77-32DF1A7B7E8A}.Debug|x64.ActiveCfg = Debug|x64
		{C26B54D6-52E9-479E-BE77-32DF1A7B7E8A}.Debug|x64.Build.0 = Debug|x64
		{C26B54D6-52E9-479E-BE77-32DF1A7B7E8A}.Debug|x86.ActiveCfg = Debug|x86
		{C26B54D6-52E9-479E-BE77-32DF1A7B7E8A}.Debug|x86.Build.0 = Debug|x86
		{C26B54D6-52E9-479E-BE77-32DF1A7B7E8A}.Release|Any CPU.ActiveCfg = Release|Any CPU
		{C26B54D6-52E9-479E-BE77-32DF1A7B7E8A}.Release|Any CPU.Build.0 = Release|Any CPU
		{C26B54D6-52E9-479E-BE77-32DF1A7B7E8A}.Release|x64.ActiveCfg = Release|x64
		{C26B54D6-52E9-479E-BE77-32DF1A7B7E8A}.Release|x64.Build.0 = Release|x64
		{C26B54D6-52E9-479E-BE77-32DF1A7B7E8A}.Release|x86.ActiveCfg = Release|x86
		{C26B54D6-52E9-479E-BE77-32DF1A7B7E8A}.Release|x86.Build.0 = Release|x86
		{8A1401F7-F133-4F92-B526-ABA715C1830E}.Debug|Any CPU.ActiveCfg = Debug|Any CPU
		{8A1401F7-F133-4F92-B526-ABA715C1830E}.Debug|Any CPU.Build.0 = Debug|Any CPU
		{8A1401F7-F133-4F92-B526-ABA715C1830E}.Debug|x64.ActiveCfg = Debug|x64
		{8A1401F7-F133-4F92-B526-ABA715C1830E}.Debug|x64.Build.0 = Debug|x64
		{8A1401F7-F133-4F92-B526-ABA715C1830E}.Debug|x86.ActiveCfg = Debug|x86
		{8A1401F7-F133-4F92-B526-ABA715C1830E}.Debug|x86.Build.0 = Debug|x86
		{8A1401F7-F133-4F92-B526-ABA715C1830E}.Release|Any CPU.ActiveCfg = Release|Any CPU
		{8A1401F7-F133-4F92-B526-ABA715C1830E}.Release|Any CPU.Build.0 = Release|Any CPU
		{8A1401F7-F133-4F92-B526-ABA715C1830E}.Release|x64.ActiveCfg = Release|x64
		{8A1401F7-F133-4F92-B526-ABA715C1830E}.Release|x64.Build.0 = Release|x64
		{8A1401F7-F133-4F92-B526-ABA715C1830E}.Release|x86.ActiveCfg = Release|x86
		{8A1401F7-F133-4F92-B526-ABA715C1830E}.Release|x86.Build.0 = Release|x86
		{CCD3E93D-8C8F-428D-A398-A35E0147EE33}.Debug|Any CPU.ActiveCfg = Debug|Any CPU
		{CCD3E93D-8C8F-428D-A398-A35E0147EE33}.Debug|Any CPU.Build.0 = Debug|Any CPU
		{CCD3E93D-8C8F-428D-A398-A35E0147EE33}.Debug|x64.ActiveCfg = Debug|x64
		{CCD3E93D-8C8F-428D-A398-A35E0147EE33}.Debug|x64.Build.0 = Debug|x64
		{CCD3E93D-8C8F-428D-A398-A35E0147EE33}.Debug|x86.ActiveCfg = Debug|x86
		{CCD3E93D-8C8F-428D-A398-A35E0147EE33}.Debug|x86.Build.0 = Debug|x86
		{CCD3E93D-8C8F-428D-A398-A35E0147EE33}.Release|Any CPU.ActiveCfg = Release|Any CPU
		{CCD3E93D-8C8F-428D-A398-A35E0147EE33}.Release|Any CPU.Build.0 = Release|Any CPU
		{CCD3E93D-8C8F-428D-A398-A35E0147EE33}.Release|x64.ActiveCfg = Release|x64
		{CCD3E93D-8C8F-428D-A398-A35E0147EE33}.Release|x64.Build.0 = Release|x64
		{CCD3E93D-8C8F-428D-A398-A35E0147EE33}.Release|x86.ActiveCfg = Release|x86
		{CCD3E93D-8C8F-428D-A398-A35E0147EE33}.Release|x86.Build.0 = Release|x86
		{1730F919-0F7F-415F-9017-AAD2FE0540A3}.Debug|Any CPU.ActiveCfg = Debug|Any CPU
		{1730F919-0F7F-415F-9017-AAD2FE0540A3}.Debug|Any CPU.Build.0 = Debug|Any CPU
		{1730F919-0F7F-415F-9017-AAD2FE0540A3}.Debug|x64.ActiveCfg = Debug|x64
		{1730F919-0F7F-415F-9017-AAD2FE0540A3}.Debug|x64.Build.0 = Debug|x64
		{1730F919-0F7F-415F-9017-AAD2FE0540A3}.Debug|x86.ActiveCfg = Debug|x86
		{1730F919-0F7F-415F-9017-AAD2FE0540A3}.Debug|x86.Build.0 = Debug|x86
		{1730F919-0F7F-415F-9017-AAD2FE0540A3}.Release|Any CPU.ActiveCfg = Release|Any CPU
		{1730F919-0F7F-415F-9017-AAD2FE0540A3}.Release|Any CPU.Build.0 = Release|Any CPU
		{1730F919-0F7F-415F-9017-AAD2FE0540A3}.Release|x64.ActiveCfg = Release|x64
		{1730F919-0F7F-415F-9017-AAD2FE0540A3}.Release|x64.Build.0 = Release|x64
		{1730F919-0F7F-415F-9017-AAD2FE0540A3}.Release|x86.ActiveCfg = Release|x86
		{1730F919-0F7F-415F-9017-AAD2FE0540A3}.Release|x86.Build.0 = Release|x86
		{96E13DB9-23C6-494E-8E54-04174360575B}.Debug|Any CPU.ActiveCfg = Debug|Any CPU
		{96E13DB9-23C6-494E-8E54-04174360575B}.Debug|Any CPU.Build.0 = Debug|Any CPU
		{96E13DB9-23C6-494E-8E54-04174360575B}.Debug|x64.ActiveCfg = Debug|x64
		{96E13DB9-23C6-494E-8E54-04174360575B}.Debug|x64.Build.0 = Debug|x64
		{96E13DB9-23C6-494E-8E54-04174360575B}.Debug|x86.ActiveCfg = Debug|x86
		{96E13DB9-23C6-494E-8E54-04174360575B}.Debug|x86.Build.0 = Debug|x86
		{96E13DB9-23C6-494E-8E54-04174360575B}.Release|Any CPU.ActiveCfg = Release|Any CPU
		{96E13DB9-23C6-494E-8E54-04174360575B}.Release|Any CPU.Build.0 = Release|Any CPU
		{96E13DB9-23C6-494E-8E54-04174360575B}.Release|x64.ActiveCfg = Release|x64
		{96E13DB9-23C6-494E-8E54-04174360575B}.Release|x64.Build.0 = Release|x64
		{96E13DB9-23C6-494E-8E54-04174360575B}.Release|x86.ActiveCfg = Release|x86
		{96E13DB9-23C6-494E-8E54-04174360575B}.Release|x86.Build.0 = Release|x86
		{10B0B4C6-20EF-47D7-B9CD-7B37097E522B}.Debug|Any CPU.ActiveCfg = Debug|Any CPU
		{10B0B4C6-20EF-47D7-B9CD-7B37097E522B}.Debug|Any CPU.Build.0 = Debug|Any CPU
		{10B0B4C6-20EF-47D7-B9CD-7B37097E522B}.Debug|x64.ActiveCfg = Debug|x64
		{10B0B4C6-20EF-47D7-B9CD-7B37097E522B}.Debug|x64.Build.0 = Debug|x64
		{10B0B4C6-20EF-47D7-B9CD-7B37097E522B}.Debug|x86.ActiveCfg = Debug|x86
		{10B0B4C6-20EF-47D7-B9CD-7B37097E522B}.Debug|x86.Build.0 = Debug|x86
		{10B0B4C6-20EF-47D7-B9CD-7B37097E522B}.Release|Any CPU.ActiveCfg = Release|Any CPU
		{10B0B4C6-20EF-47D7-B9CD-7B37097E522B}.Release|Any CPU.Build.0 = Release|Any CPU
		{10B0B4C6-20EF-47D7-B9CD-7B37097E522B}.Release|x64.ActiveCfg = Release|x64
		{10B0B4C6-20EF-47D7-B9CD-7B37097E522B}.Release|x64.Build.0 = Release|x64
		{10B0B4C6-20EF-47D7-B9CD-7B37097E522B}.Release|x86.ActiveCfg = Release|x86
		{10B0B4C6-20EF-47D7-B9CD-7B37097E522B}.Release|x86.Build.0 = Release|x86
		{F352E25A-0DD5-46CF-80B9-A86A5BCC5678}.Debug|Any CPU.ActiveCfg = Debug|Any CPU
		{F352E25A-0DD5-46CF-80B9-A86A5BCC5678}.Debug|Any CPU.Build.0 = Debug|Any CPU
		{F352E25A-0DD5-46CF-80B9-A86A5BCC5678}.Debug|x64.ActiveCfg = Debug|x64
		{F352E25A-0DD5-46CF-80B9-A86A5BCC5678}.Debug|x64.Build.0 = Debug|x64
		{F352E25A-0DD5-46CF-80B9-A86A5BCC5678}.Debug|x86.ActiveCfg = Debug|x86
		{F352E25A-0DD5-46CF-80B9-A86A5BCC5678}.Debug|x86.Build.0 = Debug|x86
		{F352E25A-0DD5-46CF-80B9-A86A5BCC5678}.Release|Any CPU.ActiveCfg = Release|Any CPU
		{F352E25A-0DD5-46CF-80B9-A86A5BCC5678}.Release|Any CPU.Build.0 = Release|Any CPU
		{F352E25A-0DD5-46CF-80B9-A86A5BCC5678}.Release|x64.ActiveCfg = Release|x64
		{F352E25A-0DD5-46CF-80B9-A86A5BCC5678}.Release|x64.Build.0 = Release|x64
		{F352E25A-0DD5-46CF-80B9-A86A5BCC5678}.Release|x86.ActiveCfg = Release|x86
		{F352E25A-0DD5-46CF-80B9-A86A5BCC5678}.Release|x86.Build.0 = Release|x86
		{74BCCE43-A828-4247-9EB5-EA48FDA8FF7E}.Debug|Any CPU.ActiveCfg = Debug|Any CPU
		{74BCCE43-A828-4247-9EB5-EA48FDA8FF7E}.Debug|Any CPU.Build.0 = Debug|Any CPU
		{74BCCE43-A828-4247-9EB5-EA48FDA8FF7E}.Debug|x64.ActiveCfg = Debug|x64
		{74BCCE43-A828-4247-9EB5-EA48FDA8FF7E}.Debug|x64.Build.0 = Debug|x64
		{74BCCE43-A828-4247-9EB5-EA48FDA8FF7E}.Debug|x86.ActiveCfg = Debug|x86
		{74BCCE43-A828-4247-9EB5-EA48FDA8FF7E}.Debug|x86.Build.0 = Debug|x86
		{74BCCE43-A828-4247-9EB5-EA48FDA8FF7E}.Release|Any CPU.ActiveCfg = Release|Any CPU
		{74BCCE43-A828-4247-9EB5-EA48FDA8FF7E}.Release|Any CPU.Build.0 = Release|Any CPU
		{74BCCE43-A828-4247-9EB5-EA48FDA8FF7E}.Release|x64.ActiveCfg = Release|x64
		{74BCCE43-A828-4247-9EB5-EA48FDA8FF7E}.Release|x64.Build.0 = Release|x64
		{74BCCE43-A828-4247-9EB5-EA48FDA8FF7E}.Release|x86.ActiveCfg = Release|x86
		{74BCCE43-A828-4247-9EB5-EA48FDA8FF7E}.Release|x86.Build.0 = Release|x86
		{B9502A52-570A-4962-BABF-8BCCB72A2B27}.Debug|Any CPU.ActiveCfg = Debug|Any CPU
		{B9502A52-570A-4962-BABF-8BCCB72A2B27}.Debug|Any CPU.Build.0 = Debug|Any CPU
		{B9502A52-570A-4962-BABF-8BCCB72A2B27}.Debug|x64.ActiveCfg = Debug|x64
		{B9502A52-570A-4962-BABF-8BCCB72A2B27}.Debug|x64.Build.0 = Debug|x64
		{B9502A52-570A-4962-BABF-8BCCB72A2B27}.Debug|x86.ActiveCfg = Debug|x86
		{B9502A52-570A-4962-BABF-8BCCB72A2B27}.Debug|x86.Build.0 = Debug|x86
		{B9502A52-570A-4962-BABF-8BCCB72A2B27}.Release|Any CPU.ActiveCfg = Release|Any CPU
		{B9502A52-570A-4962-BABF-8BCCB72A2B27}.Release|Any CPU.Build.0 = Release|Any CPU
		{B9502A52-570A-4962-BABF-8BCCB72A2B27}.Release|x64.ActiveCfg = Release|x64
		{B9502A52-570A-4962-BABF-8BCCB72A2B27}.Release|x64.Build.0 = Release|x64
		{B9502A52-570A-4962-BABF-8BCCB72A2B27}.Release|x86.ActiveCfg = Release|x86
		{B9502A52-570A-4962-BABF-8BCCB72A2B27}.Release|x86.Build.0 = Release|x86
		{33AD5535-90D7-43FA-8541-A8A92D048BB8}.Debug|Any CPU.ActiveCfg = Debug|Any CPU
		{33AD5535-90D7-43FA-8541-A8A92D048BB8}.Debug|Any CPU.Build.0 = Debug|Any CPU
		{33AD5535-90D7-43FA-8541-A8A92D048BB8}.Debug|x64.ActiveCfg = Debug|x64
		{33AD5535-90D7-43FA-8541-A8A92D048BB8}.Debug|x64.Build.0 = Debug|x64
		{33AD5535-90D7-43FA-8541-A8A92D048BB8}.Debug|x86.ActiveCfg = Debug|x86
		{33AD5535-90D7-43FA-8541-A8A92D048BB8}.Debug|x86.Build.0 = Debug|x86
		{33AD5535-90D7-43FA-8541-A8A92D048BB8}.Release|Any CPU.ActiveCfg = Release|Any CPU
		{33AD5535-90D7-43FA-8541-A8A92D048BB8}.Release|Any CPU.Build.0 = Release|Any CPU
		{33AD5535-90D7-43FA-8541-A8A92D048BB8}.Release|x64.ActiveCfg = Release|x64
		{33AD5535-90D7-43FA-8541-A8A92D048BB8}.Release|x64.Build.0 = Release|x64
		{33AD5535-90D7-43FA-8541-A8A92D048BB8}.Release|x86.ActiveCfg = Release|x86
		{33AD5535-90D7-43FA-8541-A8A92D048BB8}.Release|x86.Build.0 = Release|x86
		{6E588424-350A-497C-882A-70861AF9ACCE}.Debug|Any CPU.ActiveCfg = Debug|Any CPU
		{6E588424-350A-497C-882A-70861AF9ACCE}.Debug|Any CPU.Build.0 = Debug|Any CPU
		{6E588424-350A-497C-882A-70861AF9ACCE}.Debug|x64.ActiveCfg = Debug|x64
		{6E588424-350A-497C-882A-70861AF9ACCE}.Debug|x64.Build.0 = Debug|x64
		{6E588424-350A-497C-882A-70861AF9ACCE}.Debug|x86.ActiveCfg = Debug|x86
		{6E588424-350A-497C-882A-70861AF9ACCE}.Debug|x86.Build.0 = Debug|x86
		{6E588424-350A-497C-882A-70861AF9ACCE}.Release|Any CPU.ActiveCfg = Release|Any CPU
		{6E588424-350A-497C-882A-70861AF9ACCE}.Release|Any CPU.Build.0 = Release|Any CPU
		{6E588424-350A-497C-882A-70861AF9ACCE}.Release|x64.ActiveCfg = Release|x64
		{6E588424-350A-497C-882A-70861AF9ACCE}.Release|x64.Build.0 = Release|x64
		{6E588424-350A-497C-882A-70861AF9ACCE}.Release|x86.ActiveCfg = Release|x86
		{6E588424-350A-497C-882A-70861AF9ACCE}.Release|x86.Build.0 = Release|x86
		{F6C58825-5AC6-475F-9F4F-B1D0AB4DE375}.Debug|Any CPU.ActiveCfg = Debug|Any CPU
		{F6C58825-5AC6-475F-9F4F-B1D0AB4DE375}.Debug|Any CPU.Build.0 = Debug|Any CPU
		{F6C58825-5AC6-475F-9F4F-B1D0AB4DE375}.Debug|x64.ActiveCfg = Debug|x64
		{F6C58825-5AC6-475F-9F4F-B1D0AB4DE375}.Debug|x64.Build.0 = Debug|x64
		{F6C58825-5AC6-475F-9F4F-B1D0AB4DE375}.Debug|x86.ActiveCfg = Debug|x86
		{F6C58825-5AC6-475F-9F4F-B1D0AB4DE375}.Debug|x86.Build.0 = Debug|x86
		{F6C58825-5AC6-475F-9F4F-B1D0AB4DE375}.Release|Any CPU.ActiveCfg = Release|Any CPU
		{F6C58825-5AC6-475F-9F4F-B1D0AB4DE375}.Release|Any CPU.Build.0 = Release|Any CPU
		{F6C58825-5AC6-475F-9F4F-B1D0AB4DE375}.Release|x64.ActiveCfg = Release|x64
		{F6C58825-5AC6-475F-9F4F-B1D0AB4DE375}.Release|x64.Build.0 = Release|x64
		{F6C58825-5AC6-475F-9F4F-B1D0AB4DE375}.Release|x86.ActiveCfg = Release|x86
		{F6C58825-5AC6-475F-9F4F-B1D0AB4DE375}.Release|x86.Build.0 = Release|x86
		{3E384EB5-51F2-4E33-AA71-FEE1174E48C6}.Debug|Any CPU.ActiveCfg = Debug|Any CPU
		{3E384EB5-51F2-4E33-AA71-FEE1174E48C6}.Debug|Any CPU.Build.0 = Debug|Any CPU
		{3E384EB5-51F2-4E33-AA71-FEE1174E48C6}.Debug|x64.ActiveCfg = Debug|x64
		{3E384EB5-51F2-4E33-AA71-FEE1174E48C6}.Debug|x64.Build.0 = Debug|x64
		{3E384EB5-51F2-4E33-AA71-FEE1174E48C6}.Debug|x86.ActiveCfg = Debug|x86
		{3E384EB5-51F2-4E33-AA71-FEE1174E48C6}.Debug|x86.Build.0 = Debug|x86
		{3E384EB5-51F2-4E33-AA71-FEE1174E48C6}.Release|Any CPU.ActiveCfg = Release|Any CPU
		{3E384EB5-51F2-4E33-AA71-FEE1174E48C6}.Release|Any CPU.Build.0 = Release|Any CPU
		{3E384EB5-51F2-4E33-AA71-FEE1174E48C6}.Release|x64.ActiveCfg = Release|x64
		{3E384EB5-51F2-4E33-AA71-FEE1174E48C6}.Release|x64.Build.0 = Release|x64
		{3E384EB5-51F2-4E33-AA71-FEE1174E48C6}.Release|x86.ActiveCfg = Release|x86
		{3E384EB5-51F2-4E33-AA71-FEE1174E48C6}.Release|x86.Build.0 = Release|x86
		{19F5EBB0-C279-45F4-BA51-623F72BC6FB8}.Debug|Any CPU.ActiveCfg = Debug|Any CPU
		{19F5EBB0-C279-45F4-BA51-623F72BC6FB8}.Debug|Any CPU.Build.0 = Debug|Any CPU
		{19F5EBB0-C279-45F4-BA51-623F72BC6FB8}.Debug|x64.ActiveCfg = Debug|x64
		{19F5EBB0-C279-45F4-BA51-623F72BC6FB8}.Debug|x64.Build.0 = Debug|x64
		{19F5EBB0-C279-45F4-BA51-623F72BC6FB8}.Debug|x86.ActiveCfg = Debug|x86
		{19F5EBB0-C279-45F4-BA51-623F72BC6FB8}.Debug|x86.Build.0 = Debug|x86
		{19F5EBB0-C279-45F4-BA51-623F72BC6FB8}.Release|Any CPU.ActiveCfg = Release|Any CPU
		{19F5EBB0-C279-45F4-BA51-623F72BC6FB8}.Release|Any CPU.Build.0 = Release|Any CPU
		{19F5EBB0-C279-45F4-BA51-623F72BC6FB8}.Release|x64.ActiveCfg = Release|x64
		{19F5EBB0-C279-45F4-BA51-623F72BC6FB8}.Release|x64.Build.0 = Release|x64
		{19F5EBB0-C279-45F4-BA51-623F72BC6FB8}.Release|x86.ActiveCfg = Release|x86
		{19F5EBB0-C279-45F4-BA51-623F72BC6FB8}.Release|x86.Build.0 = Release|x86
		{DEA95679-2100-4789-AED5-3B01A08212B0}.Debug|Any CPU.ActiveCfg = Debug|Any CPU
		{DEA95679-2100-4789-AED5-3B01A08212B0}.Debug|Any CPU.Build.0 = Debug|Any CPU
		{DEA95679-2100-4789-AED5-3B01A08212B0}.Debug|x64.ActiveCfg = Debug|x64
		{DEA95679-2100-4789-AED5-3B01A08212B0}.Debug|x64.Build.0 = Debug|x64
		{DEA95679-2100-4789-AED5-3B01A08212B0}.Debug|x86.ActiveCfg = Debug|x86
		{DEA95679-2100-4789-AED5-3B01A08212B0}.Debug|x86.Build.0 = Debug|x86
		{DEA95679-2100-4789-AED5-3B01A08212B0}.Release|Any CPU.ActiveCfg = Release|Any CPU
		{DEA95679-2100-4789-AED5-3B01A08212B0}.Release|Any CPU.Build.0 = Release|Any CPU
		{DEA95679-2100-4789-AED5-3B01A08212B0}.Release|x64.ActiveCfg = Release|x64
		{DEA95679-2100-4789-AED5-3B01A08212B0}.Release|x64.Build.0 = Release|x64
		{DEA95679-2100-4789-AED5-3B01A08212B0}.Release|x86.ActiveCfg = Release|x86
		{DEA95679-2100-4789-AED5-3B01A08212B0}.Release|x86.Build.0 = Release|x86
		{8C5E1FB6-5B3F-47DC-ADE7-18BFDC636598}.Debug|Any CPU.ActiveCfg = Debug|Any CPU
		{8C5E1FB6-5B3F-47DC-ADE7-18BFDC636598}.Debug|Any CPU.Build.0 = Debug|Any CPU
		{8C5E1FB6-5B3F-47DC-ADE7-18BFDC636598}.Debug|x64.ActiveCfg = Debug|x64
		{8C5E1FB6-5B3F-47DC-ADE7-18BFDC636598}.Debug|x64.Build.0 = Debug|x64
		{8C5E1FB6-5B3F-47DC-ADE7-18BFDC636598}.Debug|x86.ActiveCfg = Debug|x86
		{8C5E1FB6-5B3F-47DC-ADE7-18BFDC636598}.Debug|x86.Build.0 = Debug|x86
		{8C5E1FB6-5B3F-47DC-ADE7-18BFDC636598}.Release|Any CPU.ActiveCfg = Release|Any CPU
		{8C5E1FB6-5B3F-47DC-ADE7-18BFDC636598}.Release|Any CPU.Build.0 = Release|Any CPU
		{8C5E1FB6-5B3F-47DC-ADE7-18BFDC636598}.Release|x64.ActiveCfg = Release|x64
		{8C5E1FB6-5B3F-47DC-ADE7-18BFDC636598}.Release|x64.Build.0 = Release|x64
		{8C5E1FB6-5B3F-47DC-ADE7-18BFDC636598}.Release|x86.ActiveCfg = Release|x86
		{8C5E1FB6-5B3F-47DC-ADE7-18BFDC636598}.Release|x86.Build.0 = Release|x86
		{DB9F3588-1DDD-46A3-A5D8-D7BD95F6F093}.Debug|Any CPU.ActiveCfg = Debug|Any CPU
		{DB9F3588-1DDD-46A3-A5D8-D7BD95F6F093}.Debug|Any CPU.Build.0 = Debug|Any CPU
		{DB9F3588-1DDD-46A3-A5D8-D7BD95F6F093}.Debug|x64.ActiveCfg = Debug|x64
		{DB9F3588-1DDD-46A3-A5D8-D7BD95F6F093}.Debug|x64.Build.0 = Debug|x64
		{DB9F3588-1DDD-46A3-A5D8-D7BD95F6F093}.Debug|x86.ActiveCfg = Debug|x86
		{DB9F3588-1DDD-46A3-A5D8-D7BD95F6F093}.Debug|x86.Build.0 = Debug|x86
		{DB9F3588-1DDD-46A3-A5D8-D7BD95F6F093}.Release|Any CPU.ActiveCfg = Release|Any CPU
		{DB9F3588-1DDD-46A3-A5D8-D7BD95F6F093}.Release|Any CPU.Build.0 = Release|Any CPU
		{DB9F3588-1DDD-46A3-A5D8-D7BD95F6F093}.Release|x64.ActiveCfg = Release|x64
		{DB9F3588-1DDD-46A3-A5D8-D7BD95F6F093}.Release|x64.Build.0 = Release|x64
		{DB9F3588-1DDD-46A3-A5D8-D7BD95F6F093}.Release|x86.ActiveCfg = Release|x86
		{DB9F3588-1DDD-46A3-A5D8-D7BD95F6F093}.Release|x86.Build.0 = Release|x86
		{9B0327E1-5D77-4187-AEA8-A279BDFEFFC9}.Debug|Any CPU.ActiveCfg = Debug|Any CPU
		{9B0327E1-5D77-4187-AEA8-A279BDFEFFC9}.Debug|Any CPU.Build.0 = Debug|Any CPU
		{9B0327E1-5D77-4187-AEA8-A279BDFEFFC9}.Debug|x64.ActiveCfg = Debug|x64
		{9B0327E1-5D77-4187-AEA8-A279BDFEFFC9}.Debug|x64.Build.0 = Debug|x64
		{9B0327E1-5D77-4187-AEA8-A279BDFEFFC9}.Debug|x86.ActiveCfg = Debug|x86
		{9B0327E1-5D77-4187-AEA8-A279BDFEFFC9}.Debug|x86.Build.0 = Debug|x86
		{9B0327E1-5D77-4187-AEA8-A279BDFEFFC9}.Release|Any CPU.ActiveCfg = Release|Any CPU
		{9B0327E1-5D77-4187-AEA8-A279BDFEFFC9}.Release|Any CPU.Build.0 = Release|Any CPU
		{9B0327E1-5D77-4187-AEA8-A279BDFEFFC9}.Release|x64.ActiveCfg = Release|x64
		{9B0327E1-5D77-4187-AEA8-A279BDFEFFC9}.Release|x64.Build.0 = Release|x64
		{9B0327E1-5D77-4187-AEA8-A279BDFEFFC9}.Release|x86.ActiveCfg = Release|x86
		{9B0327E1-5D77-4187-AEA8-A279BDFEFFC9}.Release|x86.Build.0 = Release|x86
		{3EF49CDB-E178-43CF-AE8F-D9CFB0D0048A}.Debug|Any CPU.ActiveCfg = Debug|Any CPU
		{3EF49CDB-E178-43CF-AE8F-D9CFB0D0048A}.Debug|Any CPU.Build.0 = Debug|Any CPU
		{3EF49CDB-E178-43CF-AE8F-D9CFB0D0048A}.Debug|x64.ActiveCfg = Debug|x64
		{3EF49CDB-E178-43CF-AE8F-D9CFB0D0048A}.Debug|x64.Build.0 = Debug|x64
		{3EF49CDB-E178-43CF-AE8F-D9CFB0D0048A}.Debug|x86.ActiveCfg = Debug|x86
		{3EF49CDB-E178-43CF-AE8F-D9CFB0D0048A}.Debug|x86.Build.0 = Debug|x86
		{3EF49CDB-E178-43CF-AE8F-D9CFB0D0048A}.Release|Any CPU.ActiveCfg = Release|Any CPU
		{3EF49CDB-E178-43CF-AE8F-D9CFB0D0048A}.Release|Any CPU.Build.0 = Release|Any CPU
		{3EF49CDB-E178-43CF-AE8F-D9CFB0D0048A}.Release|x64.ActiveCfg = Release|x64
		{3EF49CDB-E178-43CF-AE8F-D9CFB0D0048A}.Release|x64.Build.0 = Release|x64
		{3EF49CDB-E178-43CF-AE8F-D9CFB0D0048A}.Release|x86.ActiveCfg = Release|x86
		{3EF49CDB-E178-43CF-AE8F-D9CFB0D0048A}.Release|x86.Build.0 = Release|x86
		{5FA5BC08-D1D7-4BCA-941C-99DDEBCFD4A8}.Debug|Any CPU.ActiveCfg = Debug|Any CPU
		{5FA5BC08-D1D7-4BCA-941C-99DDEBCFD4A8}.Debug|Any CPU.Build.0 = Debug|Any CPU
		{5FA5BC08-D1D7-4BCA-941C-99DDEBCFD4A8}.Debug|x64.ActiveCfg = Debug|x64
		{5FA5BC08-D1D7-4BCA-941C-99DDEBCFD4A8}.Debug|x64.Build.0 = Debug|x64
		{5FA5BC08-D1D7-4BCA-941C-99DDEBCFD4A8}.Debug|x86.ActiveCfg = Debug|x86
		{5FA5BC08-D1D7-4BCA-941C-99DDEBCFD4A8}.Debug|x86.Build.0 = Debug|x86
		{5FA5BC08-D1D7-4BCA-941C-99DDEBCFD4A8}.Release|Any CPU.ActiveCfg = Release|Any CPU
		{5FA5BC08-D1D7-4BCA-941C-99DDEBCFD4A8}.Release|Any CPU.Build.0 = Release|Any CPU
		{5FA5BC08-D1D7-4BCA-941C-99DDEBCFD4A8}.Release|x64.ActiveCfg = Release|x64
		{5FA5BC08-D1D7-4BCA-941C-99DDEBCFD4A8}.Release|x64.Build.0 = Release|x64
		{5FA5BC08-D1D7-4BCA-941C-99DDEBCFD4A8}.Release|x86.ActiveCfg = Release|x86
		{5FA5BC08-D1D7-4BCA-941C-99DDEBCFD4A8}.Release|x86.Build.0 = Release|x86
		{7D34F1FA-EF7F-4032-A3FF-FAF7D177C8EA}.Debug|Any CPU.ActiveCfg = Debug|Any CPU
		{7D34F1FA-EF7F-4032-A3FF-FAF7D177C8EA}.Debug|Any CPU.Build.0 = Debug|Any CPU
		{7D34F1FA-EF7F-4032-A3FF-FAF7D177C8EA}.Debug|x64.ActiveCfg = Debug|x64
		{7D34F1FA-EF7F-4032-A3FF-FAF7D177C8EA}.Debug|x64.Build.0 = Debug|x64
		{7D34F1FA-EF7F-4032-A3FF-FAF7D177C8EA}.Debug|x86.ActiveCfg = Debug|x86
		{7D34F1FA-EF7F-4032-A3FF-FAF7D177C8EA}.Debug|x86.Build.0 = Debug|x86
		{7D34F1FA-EF7F-4032-A3FF-FAF7D177C8EA}.Release|Any CPU.ActiveCfg = Release|Any CPU
		{7D34F1FA-EF7F-4032-A3FF-FAF7D177C8EA}.Release|Any CPU.Build.0 = Release|Any CPU
		{7D34F1FA-EF7F-4032-A3FF-FAF7D177C8EA}.Release|x64.ActiveCfg = Release|x64
		{7D34F1FA-EF7F-4032-A3FF-FAF7D177C8EA}.Release|x64.Build.0 = Release|x64
		{7D34F1FA-EF7F-4032-A3FF-FAF7D177C8EA}.Release|x86.ActiveCfg = Release|x86
		{7D34F1FA-EF7F-4032-A3FF-FAF7D177C8EA}.Release|x86.Build.0 = Release|x86
		{F0FE49B1-85CA-4D6C-9FD8-27AF5216C8D7}.Debug|Any CPU.ActiveCfg = Debug|Any CPU
		{F0FE49B1-85CA-4D6C-9FD8-27AF5216C8D7}.Debug|Any CPU.Build.0 = Debug|Any CPU
		{F0FE49B1-85CA-4D6C-9FD8-27AF5216C8D7}.Debug|x64.ActiveCfg = Debug|x64
		{F0FE49B1-85CA-4D6C-9FD8-27AF5216C8D7}.Debug|x64.Build.0 = Debug|x64
		{F0FE49B1-85CA-4D6C-9FD8-27AF5216C8D7}.Debug|x86.ActiveCfg = Debug|x86
		{F0FE49B1-85CA-4D6C-9FD8-27AF5216C8D7}.Debug|x86.Build.0 = Debug|x86
		{F0FE49B1-85CA-4D6C-9FD8-27AF5216C8D7}.Release|Any CPU.ActiveCfg = Release|Any CPU
		{F0FE49B1-85CA-4D6C-9FD8-27AF5216C8D7}.Release|Any CPU.Build.0 = Release|Any CPU
		{F0FE49B1-85CA-4D6C-9FD8-27AF5216C8D7}.Release|x64.ActiveCfg = Release|x64
		{F0FE49B1-85CA-4D6C-9FD8-27AF5216C8D7}.Release|x64.Build.0 = Release|x64
		{F0FE49B1-85CA-4D6C-9FD8-27AF5216C8D7}.Release|x86.ActiveCfg = Release|x86
		{F0FE49B1-85CA-4D6C-9FD8-27AF5216C8D7}.Release|x86.Build.0 = Release|x86
		{A95249C9-22DB-436E-A7DE-7FBEC505492A}.Debug|Any CPU.ActiveCfg = Debug|Any CPU
		{A95249C9-22DB-436E-A7DE-7FBEC505492A}.Debug|Any CPU.Build.0 = Debug|Any CPU
		{A95249C9-22DB-436E-A7DE-7FBEC505492A}.Debug|x64.ActiveCfg = Debug|x64
		{A95249C9-22DB-436E-A7DE-7FBEC505492A}.Debug|x64.Build.0 = Debug|x64
		{A95249C9-22DB-436E-A7DE-7FBEC505492A}.Debug|x86.ActiveCfg = Debug|x86
		{A95249C9-22DB-436E-A7DE-7FBEC505492A}.Debug|x86.Build.0 = Debug|x86
		{A95249C9-22DB-436E-A7DE-7FBEC505492A}.Release|Any CPU.ActiveCfg = Release|Any CPU
		{A95249C9-22DB-436E-A7DE-7FBEC505492A}.Release|Any CPU.Build.0 = Release|Any CPU
		{A95249C9-22DB-436E-A7DE-7FBEC505492A}.Release|x64.ActiveCfg = Release|x64
		{A95249C9-22DB-436E-A7DE-7FBEC505492A}.Release|x64.Build.0 = Release|x64
		{A95249C9-22DB-436E-A7DE-7FBEC505492A}.Release|x86.ActiveCfg = Release|x86
		{A95249C9-22DB-436E-A7DE-7FBEC505492A}.Release|x86.Build.0 = Release|x86
		{2E22071B-D3D2-4616-924D-129A2CDA958B}.Debug|Any CPU.ActiveCfg = Debug|Any CPU
		{2E22071B-D3D2-4616-924D-129A2CDA958B}.Debug|Any CPU.Build.0 = Debug|Any CPU
		{2E22071B-D3D2-4616-924D-129A2CDA958B}.Debug|x64.ActiveCfg = Debug|x64
		{2E22071B-D3D2-4616-924D-129A2CDA958B}.Debug|x64.Build.0 = Debug|x64
		{2E22071B-D3D2-4616-924D-129A2CDA958B}.Debug|x86.ActiveCfg = Debug|x86
		{2E22071B-D3D2-4616-924D-129A2CDA958B}.Debug|x86.Build.0 = Debug|x86
		{2E22071B-D3D2-4616-924D-129A2CDA958B}.Release|Any CPU.ActiveCfg = Release|Any CPU
		{2E22071B-D3D2-4616-924D-129A2CDA958B}.Release|Any CPU.Build.0 = Release|Any CPU
		{2E22071B-D3D2-4616-924D-129A2CDA958B}.Release|x64.ActiveCfg = Release|x64
		{2E22071B-D3D2-4616-924D-129A2CDA958B}.Release|x64.Build.0 = Release|x64
		{2E22071B-D3D2-4616-924D-129A2CDA958B}.Release|x86.ActiveCfg = Release|x86
		{2E22071B-D3D2-4616-924D-129A2CDA958B}.Release|x86.Build.0 = Release|x86
		{C28C20DB-954D-4B36-954D-60B1FB80216F}.Debug|Any CPU.ActiveCfg = Debug|Any CPU
		{C28C20DB-954D-4B36-954D-60B1FB80216F}.Debug|Any CPU.Build.0 = Debug|Any CPU
		{C28C20DB-954D-4B36-954D-60B1FB80216F}.Debug|x64.ActiveCfg = Debug|x64
		{C28C20DB-954D-4B36-954D-60B1FB80216F}.Debug|x64.Build.0 = Debug|x64
		{C28C20DB-954D-4B36-954D-60B1FB80216F}.Debug|x86.ActiveCfg = Debug|x86
		{C28C20DB-954D-4B36-954D-60B1FB80216F}.Debug|x86.Build.0 = Debug|x86
		{C28C20DB-954D-4B36-954D-60B1FB80216F}.Release|Any CPU.ActiveCfg = Release|Any CPU
		{C28C20DB-954D-4B36-954D-60B1FB80216F}.Release|Any CPU.Build.0 = Release|Any CPU
		{C28C20DB-954D-4B36-954D-60B1FB80216F}.Release|x64.ActiveCfg = Release|x64
		{C28C20DB-954D-4B36-954D-60B1FB80216F}.Release|x64.Build.0 = Release|x64
		{C28C20DB-954D-4B36-954D-60B1FB80216F}.Release|x86.ActiveCfg = Release|x86
		{C28C20DB-954D-4B36-954D-60B1FB80216F}.Release|x86.Build.0 = Release|x86
		{5A061763-8ADE-4EA3-872A-CA152E0A588E}.Debug|Any CPU.ActiveCfg = Debug|Any CPU
		{5A061763-8ADE-4EA3-872A-CA152E0A588E}.Debug|Any CPU.Build.0 = Debug|Any CPU
		{5A061763-8ADE-4EA3-872A-CA152E0A588E}.Debug|x64.ActiveCfg = Debug|x64
		{5A061763-8ADE-4EA3-872A-CA152E0A588E}.Debug|x64.Build.0 = Debug|x64
		{5A061763-8ADE-4EA3-872A-CA152E0A588E}.Debug|x86.ActiveCfg = Debug|x86
		{5A061763-8ADE-4EA3-872A-CA152E0A588E}.Debug|x86.Build.0 = Debug|x86
		{5A061763-8ADE-4EA3-872A-CA152E0A588E}.Release|Any CPU.ActiveCfg = Release|Any CPU
		{5A061763-8ADE-4EA3-872A-CA152E0A588E}.Release|Any CPU.Build.0 = Release|Any CPU
		{5A061763-8ADE-4EA3-872A-CA152E0A588E}.Release|x64.ActiveCfg = Release|x64
		{5A061763-8ADE-4EA3-872A-CA152E0A588E}.Release|x64.Build.0 = Release|x64
		{5A061763-8ADE-4EA3-872A-CA152E0A588E}.Release|x86.ActiveCfg = Release|x86
		{5A061763-8ADE-4EA3-872A-CA152E0A588E}.Release|x86.Build.0 = Release|x86
		{D453D0F5-811D-4C42-A0C2-E9E9CCDF4152}.Debug|Any CPU.ActiveCfg = Debug|Any CPU
		{D453D0F5-811D-4C42-A0C2-E9E9CCDF4152}.Debug|Any CPU.Build.0 = Debug|Any CPU
		{D453D0F5-811D-4C42-A0C2-E9E9CCDF4152}.Debug|x64.ActiveCfg = Debug|x64
		{D453D0F5-811D-4C42-A0C2-E9E9CCDF4152}.Debug|x64.Build.0 = Debug|x64
		{D453D0F5-811D-4C42-A0C2-E9E9CCDF4152}.Debug|x86.ActiveCfg = Debug|x86
		{D453D0F5-811D-4C42-A0C2-E9E9CCDF4152}.Debug|x86.Build.0 = Debug|x86
		{D453D0F5-811D-4C42-A0C2-E9E9CCDF4152}.Release|Any CPU.ActiveCfg = Release|Any CPU
		{D453D0F5-811D-4C42-A0C2-E9E9CCDF4152}.Release|Any CPU.Build.0 = Release|Any CPU
		{D453D0F5-811D-4C42-A0C2-E9E9CCDF4152}.Release|x64.ActiveCfg = Release|x64
		{D453D0F5-811D-4C42-A0C2-E9E9CCDF4152}.Release|x64.Build.0 = Release|x64
		{D453D0F5-811D-4C42-A0C2-E9E9CCDF4152}.Release|x86.ActiveCfg = Release|x86
		{D453D0F5-811D-4C42-A0C2-E9E9CCDF4152}.Release|x86.Build.0 = Release|x86
		{DFCF915D-8828-4B05-B286-376E1F253A28}.Debug|Any CPU.ActiveCfg = Debug|Any CPU
		{DFCF915D-8828-4B05-B286-376E1F253A28}.Debug|Any CPU.Build.0 = Debug|Any CPU
		{DFCF915D-8828-4B05-B286-376E1F253A28}.Debug|x64.ActiveCfg = Debug|x64
		{DFCF915D-8828-4B05-B286-376E1F253A28}.Debug|x64.Build.0 = Debug|x64
		{DFCF915D-8828-4B05-B286-376E1F253A28}.Debug|x86.ActiveCfg = Debug|x86
		{DFCF915D-8828-4B05-B286-376E1F253A28}.Debug|x86.Build.0 = Debug|x86
		{DFCF915D-8828-4B05-B286-376E1F253A28}.Release|Any CPU.ActiveCfg = Release|Any CPU
		{DFCF915D-8828-4B05-B286-376E1F253A28}.Release|Any CPU.Build.0 = Release|Any CPU
		{DFCF915D-8828-4B05-B286-376E1F253A28}.Release|x64.ActiveCfg = Release|x64
		{DFCF915D-8828-4B05-B286-376E1F253A28}.Release|x64.Build.0 = Release|x64
		{DFCF915D-8828-4B05-B286-376E1F253A28}.Release|x86.ActiveCfg = Release|x86
		{DFCF915D-8828-4B05-B286-376E1F253A28}.Release|x86.Build.0 = Release|x86
		{D8D86B3E-7A43-46D2-AF3E-4F7B84FBB583}.Debug|Any CPU.ActiveCfg = Debug|Any CPU
		{D8D86B3E-7A43-46D2-AF3E-4F7B84FBB583}.Debug|Any CPU.Build.0 = Debug|Any CPU
		{D8D86B3E-7A43-46D2-AF3E-4F7B84FBB583}.Debug|x64.ActiveCfg = Debug|x64
		{D8D86B3E-7A43-46D2-AF3E-4F7B84FBB583}.Debug|x64.Build.0 = Debug|x64
		{D8D86B3E-7A43-46D2-AF3E-4F7B84FBB583}.Debug|x86.ActiveCfg = Debug|x86
		{D8D86B3E-7A43-46D2-AF3E-4F7B84FBB583}.Debug|x86.Build.0 = Debug|x86
		{D8D86B3E-7A43-46D2-AF3E-4F7B84FBB583}.Release|Any CPU.ActiveCfg = Release|Any CPU
		{D8D86B3E-7A43-46D2-AF3E-4F7B84FBB583}.Release|Any CPU.Build.0 = Release|Any CPU
		{D8D86B3E-7A43-46D2-AF3E-4F7B84FBB583}.Release|x64.ActiveCfg = Release|x64
		{D8D86B3E-7A43-46D2-AF3E-4F7B84FBB583}.Release|x64.Build.0 = Release|x64
		{D8D86B3E-7A43-46D2-AF3E-4F7B84FBB583}.Release|x86.ActiveCfg = Release|x86
		{D8D86B3E-7A43-46D2-AF3E-4F7B84FBB583}.Release|x86.Build.0 = Release|x86
		{0108088E-F2DA-4D3D-B458-8B6F3F7346AE}.Debug|Any CPU.ActiveCfg = Debug|Any CPU
		{0108088E-F2DA-4D3D-B458-8B6F3F7346AE}.Debug|Any CPU.Build.0 = Debug|Any CPU
		{0108088E-F2DA-4D3D-B458-8B6F3F7346AE}.Debug|x64.ActiveCfg = Debug|x64
		{0108088E-F2DA-4D3D-B458-8B6F3F7346AE}.Debug|x64.Build.0 = Debug|x64
		{0108088E-F2DA-4D3D-B458-8B6F3F7346AE}.Debug|x86.ActiveCfg = Debug|x86
		{0108088E-F2DA-4D3D-B458-8B6F3F7346AE}.Debug|x86.Build.0 = Debug|x86
		{0108088E-F2DA-4D3D-B458-8B6F3F7346AE}.Release|Any CPU.ActiveCfg = Release|Any CPU
		{0108088E-F2DA-4D3D-B458-8B6F3F7346AE}.Release|Any CPU.Build.0 = Release|Any CPU
		{0108088E-F2DA-4D3D-B458-8B6F3F7346AE}.Release|x64.ActiveCfg = Release|x64
		{0108088E-F2DA-4D3D-B458-8B6F3F7346AE}.Release|x64.Build.0 = Release|x64
		{0108088E-F2DA-4D3D-B458-8B6F3F7346AE}.Release|x86.ActiveCfg = Release|x86
		{0108088E-F2DA-4D3D-B458-8B6F3F7346AE}.Release|x86.Build.0 = Release|x86
		{77D3B8E4-EC56-4E7C-87A0-A4E77D4157BA}.Debug|Any CPU.ActiveCfg = Debug|Any CPU
		{77D3B8E4-EC56-4E7C-87A0-A4E77D4157BA}.Debug|Any CPU.Build.0 = Debug|Any CPU
		{77D3B8E4-EC56-4E7C-87A0-A4E77D4157BA}.Debug|x64.ActiveCfg = Debug|x64
		{77D3B8E4-EC56-4E7C-87A0-A4E77D4157BA}.Debug|x64.Build.0 = Debug|x64
		{77D3B8E4-EC56-4E7C-87A0-A4E77D4157BA}.Debug|x86.ActiveCfg = Debug|x86
		{77D3B8E4-EC56-4E7C-87A0-A4E77D4157BA}.Debug|x86.Build.0 = Debug|x86
		{77D3B8E4-EC56-4E7C-87A0-A4E77D4157BA}.Release|Any CPU.ActiveCfg = Release|Any CPU
		{77D3B8E4-EC56-4E7C-87A0-A4E77D4157BA}.Release|Any CPU.Build.0 = Release|Any CPU
		{77D3B8E4-EC56-4E7C-87A0-A4E77D4157BA}.Release|x64.ActiveCfg = Release|x64
		{77D3B8E4-EC56-4E7C-87A0-A4E77D4157BA}.Release|x64.Build.0 = Release|x64
		{77D3B8E4-EC56-4E7C-87A0-A4E77D4157BA}.Release|x86.ActiveCfg = Release|x86
		{77D3B8E4-EC56-4E7C-87A0-A4E77D4157BA}.Release|x86.Build.0 = Release|x86
		{B0C560C5-41D2-44B1-80EE-F9D110118FB7}.Debug|Any CPU.ActiveCfg = Debug|Any CPU
		{B0C560C5-41D2-44B1-80EE-F9D110118FB7}.Debug|Any CPU.Build.0 = Debug|Any CPU
		{B0C560C5-41D2-44B1-80EE-F9D110118FB7}.Debug|x64.ActiveCfg = Debug|x64
		{B0C560C5-41D2-44B1-80EE-F9D110118FB7}.Debug|x64.Build.0 = Debug|x64
		{B0C560C5-41D2-44B1-80EE-F9D110118FB7}.Debug|x86.ActiveCfg = Debug|x86
		{B0C560C5-41D2-44B1-80EE-F9D110118FB7}.Debug|x86.Build.0 = Debug|x86
		{B0C560C5-41D2-44B1-80EE-F9D110118FB7}.Release|Any CPU.ActiveCfg = Release|Any CPU
		{B0C560C5-41D2-44B1-80EE-F9D110118FB7}.Release|Any CPU.Build.0 = Release|Any CPU
		{B0C560C5-41D2-44B1-80EE-F9D110118FB7}.Release|x64.ActiveCfg = Release|x64
		{B0C560C5-41D2-44B1-80EE-F9D110118FB7}.Release|x64.Build.0 = Release|x64
		{B0C560C5-41D2-44B1-80EE-F9D110118FB7}.Release|x86.ActiveCfg = Release|x86
		{B0C560C5-41D2-44B1-80EE-F9D110118FB7}.Release|x86.Build.0 = Release|x86
		{FF33DA65-6354-4295-98DD-1F321B8BBA19}.Debug|Any CPU.ActiveCfg = Debug|Any CPU
		{FF33DA65-6354-4295-98DD-1F321B8BBA19}.Debug|Any CPU.Build.0 = Debug|Any CPU
		{FF33DA65-6354-4295-98DD-1F321B8BBA19}.Debug|x64.ActiveCfg = Debug|x64
		{FF33DA65-6354-4295-98DD-1F321B8BBA19}.Debug|x64.Build.0 = Debug|x64
		{FF33DA65-6354-4295-98DD-1F321B8BBA19}.Debug|x86.ActiveCfg = Debug|x86
		{FF33DA65-6354-4295-98DD-1F321B8BBA19}.Debug|x86.Build.0 = Debug|x86
		{FF33DA65-6354-4295-98DD-1F321B8BBA19}.Release|Any CPU.ActiveCfg = Release|Any CPU
		{FF33DA65-6354-4295-98DD-1F321B8BBA19}.Release|Any CPU.Build.0 = Release|Any CPU
		{FF33DA65-6354-4295-98DD-1F321B8BBA19}.Release|x64.ActiveCfg = Release|x64
		{FF33DA65-6354-4295-98DD-1F321B8BBA19}.Release|x64.Build.0 = Release|x64
		{FF33DA65-6354-4295-98DD-1F321B8BBA19}.Release|x86.ActiveCfg = Release|x86
		{FF33DA65-6354-4295-98DD-1F321B8BBA19}.Release|x86.Build.0 = Release|x86
		{F15C2D9C-79BE-496A-AA1F-A912A54AAA77}.Debug|Any CPU.ActiveCfg = Debug|Any CPU
		{F15C2D9C-79BE-496A-AA1F-A912A54AAA77}.Debug|Any CPU.Build.0 = Debug|Any CPU
		{F15C2D9C-79BE-496A-AA1F-A912A54AAA77}.Debug|x64.ActiveCfg = Debug|x64
		{F15C2D9C-79BE-496A-AA1F-A912A54AAA77}.Debug|x64.Build.0 = Debug|x64
		{F15C2D9C-79BE-496A-AA1F-A912A54AAA77}.Debug|x86.ActiveCfg = Debug|x86
		{F15C2D9C-79BE-496A-AA1F-A912A54AAA77}.Debug|x86.Build.0 = Debug|x86
		{F15C2D9C-79BE-496A-AA1F-A912A54AAA77}.Release|Any CPU.ActiveCfg = Release|Any CPU
		{F15C2D9C-79BE-496A-AA1F-A912A54AAA77}.Release|Any CPU.Build.0 = Release|Any CPU
		{F15C2D9C-79BE-496A-AA1F-A912A54AAA77}.Release|x64.ActiveCfg = Release|x64
		{F15C2D9C-79BE-496A-AA1F-A912A54AAA77}.Release|x64.Build.0 = Release|x64
		{F15C2D9C-79BE-496A-AA1F-A912A54AAA77}.Release|x86.ActiveCfg = Release|x86
		{F15C2D9C-79BE-496A-AA1F-A912A54AAA77}.Release|x86.Build.0 = Release|x86
		{C39FFF99-6ED8-490A-BC58-2CF17B21293C}.Debug|Any CPU.ActiveCfg = Debug|Any CPU
		{C39FFF99-6ED8-490A-BC58-2CF17B21293C}.Debug|Any CPU.Build.0 = Debug|Any CPU
		{C39FFF99-6ED8-490A-BC58-2CF17B21293C}.Debug|x64.ActiveCfg = Debug|x64
		{C39FFF99-6ED8-490A-BC58-2CF17B21293C}.Debug|x64.Build.0 = Debug|x64
		{C39FFF99-6ED8-490A-BC58-2CF17B21293C}.Debug|x86.ActiveCfg = Debug|x86
		{C39FFF99-6ED8-490A-BC58-2CF17B21293C}.Debug|x86.Build.0 = Debug|x86
		{C39FFF99-6ED8-490A-BC58-2CF17B21293C}.Release|Any CPU.ActiveCfg = Release|Any CPU
		{C39FFF99-6ED8-490A-BC58-2CF17B21293C}.Release|Any CPU.Build.0 = Release|Any CPU
		{C39FFF99-6ED8-490A-BC58-2CF17B21293C}.Release|x64.ActiveCfg = Release|x64
		{C39FFF99-6ED8-490A-BC58-2CF17B21293C}.Release|x64.Build.0 = Release|x64
		{C39FFF99-6ED8-490A-BC58-2CF17B21293C}.Release|x86.ActiveCfg = Release|x86
		{C39FFF99-6ED8-490A-BC58-2CF17B21293C}.Release|x86.Build.0 = Release|x86
		{F7470127-D663-4237-8ACC-CC4B51A9AF6B}.Debug|Any CPU.ActiveCfg = Debug|Any CPU
		{F7470127-D663-4237-8ACC-CC4B51A9AF6B}.Debug|Any CPU.Build.0 = Debug|Any CPU
		{F7470127-D663-4237-8ACC-CC4B51A9AF6B}.Debug|x64.ActiveCfg = Debug|x64
		{F7470127-D663-4237-8ACC-CC4B51A9AF6B}.Debug|x64.Build.0 = Debug|x64
		{F7470127-D663-4237-8ACC-CC4B51A9AF6B}.Debug|x86.ActiveCfg = Debug|x86
		{F7470127-D663-4237-8ACC-CC4B51A9AF6B}.Debug|x86.Build.0 = Debug|x86
		{F7470127-D663-4237-8ACC-CC4B51A9AF6B}.Release|Any CPU.ActiveCfg = Release|Any CPU
		{F7470127-D663-4237-8ACC-CC4B51A9AF6B}.Release|Any CPU.Build.0 = Release|Any CPU
		{F7470127-D663-4237-8ACC-CC4B51A9AF6B}.Release|x64.ActiveCfg = Release|x64
		{F7470127-D663-4237-8ACC-CC4B51A9AF6B}.Release|x64.Build.0 = Release|x64
		{F7470127-D663-4237-8ACC-CC4B51A9AF6B}.Release|x86.ActiveCfg = Release|x86
		{F7470127-D663-4237-8ACC-CC4B51A9AF6B}.Release|x86.Build.0 = Release|x86
	EndGlobalSection
	GlobalSection(NestedProjects) = preSolution
		{C26B54D6-52E9-479E-BE77-32DF1A7B7E8A} = {357E6F2D-720A-4EF9-80E7-B8DB9491B502}
		{8A1401F7-F133-4F92-B526-ABA715C1830E} = {357E6F2D-720A-4EF9-80E7-B8DB9491B502}
		{CCD3E93D-8C8F-428D-A398-A35E0147EE33} = {357E6F2D-720A-4EF9-80E7-B8DB9491B502}
		{1730F919-0F7F-415F-9017-AAD2FE0540A3} = {357E6F2D-720A-4EF9-80E7-B8DB9491B502}
		{96E13DB9-23C6-494E-8E54-04174360575B} = {357E6F2D-720A-4EF9-80E7-B8DB9491B502}
		{10B0B4C6-20EF-47D7-B9CD-7B37097E522B} = {357E6F2D-720A-4EF9-80E7-B8DB9491B502}
		{F352E25A-0DD5-46CF-80B9-A86A5BCC5678} = {357E6F2D-720A-4EF9-80E7-B8DB9491B502}
		{74BCCE43-A828-4247-9EB5-EA48FDA8FF7E} = {357E6F2D-720A-4EF9-80E7-B8DB9491B502}
		{B9502A52-570A-4962-BABF-8BCCB72A2B27} = {357E6F2D-720A-4EF9-80E7-B8DB9491B502}
		{33AD5535-90D7-43FA-8541-A8A92D048BB8} = {357E6F2D-720A-4EF9-80E7-B8DB9491B502}
		{6E588424-350A-497C-882A-70861AF9ACCE} = {357E6F2D-720A-4EF9-80E7-B8DB9491B502}
		{F6C58825-5AC6-475F-9F4F-B1D0AB4DE375} = {357E6F2D-720A-4EF9-80E7-B8DB9491B502}
		{3E384EB5-51F2-4E33-AA71-FEE1174E48C6} = {357E6F2D-720A-4EF9-80E7-B8DB9491B502}
		{19F5EBB0-C279-45F4-BA51-623F72BC6FB8} = {357E6F2D-720A-4EF9-80E7-B8DB9491B502}
		{DEA95679-2100-4789-AED5-3B01A08212B0} = {357E6F2D-720A-4EF9-80E7-B8DB9491B502}
		{8C5E1FB6-5B3F-47DC-ADE7-18BFDC636598} = {357E6F2D-720A-4EF9-80E7-B8DB9491B502}
		{DB9F3588-1DDD-46A3-A5D8-D7BD95F6F093} = {357E6F2D-720A-4EF9-80E7-B8DB9491B502}
		{9B0327E1-5D77-4187-AEA8-A279BDFEFFC9} = {357E6F2D-720A-4EF9-80E7-B8DB9491B502}
		{3EF49CDB-E178-43CF-AE8F-D9CFB0D0048A} = {357E6F2D-720A-4EF9-80E7-B8DB9491B502}
		{5FA5BC08-D1D7-4BCA-941C-99DDEBCFD4A8} = {357E6F2D-720A-4EF9-80E7-B8DB9491B502}
		{7D34F1FA-EF7F-4032-A3FF-FAF7D177C8EA} = {357E6F2D-720A-4EF9-80E7-B8DB9491B502}
		{F0FE49B1-85CA-4D6C-9FD8-27AF5216C8D7} = {357E6F2D-720A-4EF9-80E7-B8DB9491B502}
		{A95249C9-22DB-436E-A7DE-7FBEC505492A} = {357E6F2D-720A-4EF9-80E7-B8DB9491B502}
		{2E22071B-D3D2-4616-924D-129A2CDA958B} = {357E6F2D-720A-4EF9-80E7-B8DB9491B502}
		{C28C20DB-954D-4B36-954D-60B1FB80216F} = {357E6F2D-720A-4EF9-80E7-B8DB9491B502}
		{5A061763-8ADE-4EA3-872A-CA152E0A588E} = {357E6F2D-720A-4EF9-80E7-B8DB9491B502}
		{D453D0F5-811D-4C42-A0C2-E9E9CCDF4152} = {357E6F2D-720A-4EF9-80E7-B8DB9491B502}
		{DFCF915D-8828-4B05-B286-376E1F253A28} = {357E6F2D-720A-4EF9-80E7-B8DB9491B502}
		{D8D86B3E-7A43-46D2-AF3E-4F7B84FBB583} = {357E6F2D-720A-4EF9-80E7-B8DB9491B502}
		{0108088E-F2DA-4D3D-B458-8B6F3F7346AE} = {357E6F2D-720A-4EF9-80E7-B8DB9491B502}
		{77D3B8E4-EC56-4E7C-87A0-A4E77D4157BA} = {357E6F2D-720A-4EF9-80E7-B8DB9491B502}
		{B0C560C5-41D2-44B1-80EE-F9D110118FB7} = {357E6F2D-720A-4EF9-80E7-B8DB9491B502}
		{FF33DA65-6354-4295-98DD-1F321B8BBA19} = {357E6F2D-720A-4EF9-80E7-B8DB9491B502}
		{F15C2D9C-79BE-496A-AA1F-A912A54AAA77} = {357E6F2D-720A-4EF9-80E7-B8DB9491B502}
		{C39FFF99-6ED8-490A-BC58-2CF17B21293C} = {357E6F2D-720A-4EF9-80E7-B8DB9491B502}
		{F7470127-D663-4237-8ACC-CC4B51A9AF6B} = {357E6F2D-720A-4EF9-80E7-B8DB9491B502}
	EndGlobalSection
EndGlobal
